
Microsoft Visual Studio Solution File, Format Version 12.00
# Visual Studio Version 17
VisualStudioVersion = 17.1.32421.90
MinimumVisualStudioVersion = 10.0.40219.1
Project("{FAE04EC0-301F-11D3-BF4B-00C04F79EFBC}") = "ConsumoVeiculos", "ConsumoVeiculos\ConsumoVeiculos.csproj", "{A15F1E2F-85DC-4848-B80C-7B98A24CA0CF}"
EndProject
Global
	GlobalSection(SolutionConfigurationPlatforms) = preSolution
		Debug|Any CPU = Debug|Any CPU
		Release|Any CPU = Release|Any CPU
	EndGlobalSection
	GlobalSection(ProjectConfigurationPlatforms) = postSolution
		{A15F1E2F-85DC-4848-B80C-7B98A24CA0CF}.Debug|Any CPU.ActiveCfg = Debug|Any CPU
		{A15F1E2F-85DC-4848-B80C-7B98A24CA0CF}.Debug|Any CPU.Build.0 = Debug|Any CPU
		{A15F1E2F-85DC-4848-B80C-7B98A24CA0CF}.Release|Any CPU.ActiveCfg = Release|Any CPU
		{A15F1E2F-85DC-4848-B80C-7B98A24CA0CF}.Release|Any CPU.Build.0 = Release|Any CPU
	EndGlobalSection
	GlobalSection(SolutionProperties) = preSolution
		HideSolutionNode = FALSE
	EndGlobalSection
	GlobalSection(ExtensibilityGlobals) = postSolution
		SolutionGuid = {51478546-E929-475C-89C1-AA521F81744C}
	EndGlobalSection
EndGlobal
